
Microsoft Visual Studio Solution File, Format Version 12.00
# Visual Studio Version 17
VisualStudioVersion = 17.8.34316.72
MinimumVisualStudioVersion = 10.0.40219.1
Project("{FAE04EC0-301F-11D3-BF4B-00C04F79EFBC}") = "SaqueDeConta", "SaqueDeConta\SaqueDeConta.csproj", "{D2135ADD-FCD1-4B05-A803-79A815298569}"
EndProject
Global
	GlobalSection(SolutionConfigurationPlatforms) = preSolution
		Debug|Any CPU = Debug|Any CPU
		Release|Any CPU = Release|Any CPU
	EndGlobalSection
	GlobalSection(ProjectConfigurationPlatforms) = postSolution
		{D2135ADD-FCD1-4B05-A803-79A815298569}.Debug|Any CPU.ActiveCfg = Debug|Any CPU
		{D2135ADD-FCD1-4B05-A803-79A815298569}.Debug|Any CPU.Build.0 = Debug|Any CPU
		{D2135ADD-FCD1-4B05-A803-79A815298569}.Release|Any CPU.ActiveCfg = Release|Any CPU
		{D2135ADD-FCD1-4B05-A803-79A815298569}.Release|Any CPU.Build.0 = Release|Any CPU
	EndGlobalSection
	GlobalSection(SolutionProperties) = preSolution
		HideSolutionNode = FALSE
	EndGlobalSection
	GlobalSection(ExtensibilityGlobals) = postSolution
		SolutionGuid = {4DF62791-BF47-4AD1-B1D8-0ABE2AD74629}
	EndGlobalSection
EndGlobal
